
Microsoft Visual Studio Solution File, Format Version 12.00
# Visual Studio Version 16
VisualStudioVersion = 16.0.31410.357
MinimumVisualStudioVersion = 10.0.40219.1
Project("{FAE04EC0-301F-11D3-BF4B-00C04F79EFBC}") = "App7.2.Android", "App7.2\App7.2.Android\App7.2.Android.csproj", "{2606E769-4580-4487-921A-64B4421F62A7}"
EndProject
Project("{FAE04EC0-301F-11D3-BF4B-00C04F79EFBC}") = "App7.2", "App7.2\App7.2\App7.2.csproj", "{E0C74AB8-55A8-4893-B8D0-B64ACEF50F7F}"
EndProject
Global
	GlobalSection(SolutionConfigurationPlatforms) = preSolution
		Debug|Any CPU = Debug|Any CPU
		Release|Any CPU = Release|Any CPU
	EndGlobalSection
	GlobalSection(ProjectConfigurationPlatforms) = postSolution
		{2606E769-4580-4487-921A-64B4421F62A7}.Debug|Any CPU.ActiveCfg = Debug|Any CPU
		{2606E769-4580-4487-921A-64B4421F62A7}.Debug|Any CPU.Build.0 = Debug|Any CPU
		{2606E769-4580-4487-921A-64B4421F62A7}.Debug|Any CPU.Deploy.0 = Debug|Any CPU
		{2606E769-4580-4487-921A-64B4421F62A7}.Release|Any CPU.ActiveCfg = Release|Any CPU
		{2606E769-4580-4487-921A-64B4421F62A7}.Release|Any CPU.Build.0 = Release|Any CPU
		{2606E769-4580-4487-921A-64B4421F62A7}.Release|Any CPU.Deploy.0 = Release|Any CPU
		{E0C74AB8-55A8-4893-B8D0-B64ACEF50F7F}.Debug|Any CPU.ActiveCfg = Debug|Any CPU
		{E0C74AB8-55A8-4893-B8D0-B64ACEF50F7F}.Debug|Any CPU.Build.0 = Debug|Any CPU
		{E0C74AB8-55A8-4893-B8D0-B64ACEF50F7F}.Debug|Any CPU.Deploy.0 = Debug|Any CPU
		{E0C74AB8-55A8-4893-B8D0-B64ACEF50F7F}.Release|Any CPU.ActiveCfg = Release|Any CPU
		{E0C74AB8-55A8-4893-B8D0-B64ACEF50F7F}.Release|Any CPU.Build.0 = Release|Any CPU
		{E0C74AB8-55A8-4893-B8D0-B64ACEF50F7F}.Release|Any CPU.Deploy.0 = Release|Any CPU
	EndGlobalSection
	GlobalSection(SolutionProperties) = preSolution
		HideSolutionNode = FALSE
	EndGlobalSection
	GlobalSection(ExtensibilityGlobals) = postSolution
		SolutionGuid = {101EB34E-C01B-42EF-BB89-DE2771F74BBC}
	EndGlobalSection
EndGlobal
